<?xml version="1.0" encoding="utf-8"?>
<Project ToolsVersion="4.0" xmlns="http://schemas.microsoft.com/developer/msbuild/2003">
  <ItemGroup>
    <Filter Include="Archivos de origen">
      <UniqueIdentifier>{4FC737F1-C7A5-4376-A066-2A32D752A2FF}</UniqueIdentifier>
      <Extensions>cpp;c;cc;cxx;def;odl;idl;hpj;bat;asm;asmx</Extensions>
    </Filter>
    <Filter Include="Archivos de encabezado">
      <UniqueIdentifier>{93995380-89BD-4b04-88EB-625FBE52EBFB}</UniqueIdentifier>
      <Extensions>h;hh;hpp;hxx;hm;inl;inc;ipp;xsd</Extensions>
    </Filter>
    <Filter Include="Archivos de recursos">
      <UniqueIdentifier>{67DA6AB6-F800-4c08-8B7A-83BB121AAD01}</UniqueIdentifier>
      <Extensions>rc;ico;cur;bmp;dlg;rc2;rct;bin;rgs;gif;jpg;jpeg;jpe;resx;tiff;tif;png;wav;mfcribbon-ms</Extensions>
    </Filter>
    <Filter Include="Archivos de encabezado\Contenedores">
      <UniqueIdentifier>{21087c4d-f8ab-4b34-9fd1-f329299ce645}</UniqueIdentifier>
    </Filter>
    <Filter Include="Archivos de encabezado\Juego">
      <UniqueIdentifier>{3a5fca62-a4d2-4747-a75d-99505d9534c1}</UniqueIdentifier>
    </Filter>
    <Filter Include="Archivos de origen\Juego">
      <UniqueIdentifier>{69e33485-ccd1-46d5-9826-f6103d6b33e1}</UniqueIdentifier>
    </Filter>
    <Filter Include="Archivos de origen\Excepciones">
      <UniqueIdentifier>{a700d30e-1686-433f-87c9-323b00e5a78f}</UniqueIdentifier>
    </Filter>
    <Filter Include="Archivos de encabezado\Excepciones">
      <UniqueIdentifier>{10ac6628-d393-42b7-af3e-8fc21d452d73}</UniqueIdentifier>
    </Filter>
    <Filter Include="Archivos de origen\Juego\Piezas">
      <UniqueIdentifier>{f67d3668-bf23-476f-beb9-9ab9dadb661d}</UniqueIdentifier>
    </Filter>
    <Filter Include="Archivos de encabezado\Juego\Piezas">
      <UniqueIdentifier>{ecf6d806-33cb-41cd-9ff7-49054ffa5d93}</UniqueIdentifier>
    </Filter>
    <Filter Include="Archivos de origen\Controladores">
      <UniqueIdentifier>{188f98e6-d693-4795-bdad-c03af8b41e30}</UniqueIdentifier>
    </Filter>
    <Filter Include="Archivos de encabezado\Controladores">
      <UniqueIdentifier>{5587fe9f-621f-42b1-b1f1-e0ce4c2f6d5e}</UniqueIdentifier>
    </Filter>
    <Filter Include="Archivos de encabezado\Structs">
      <UniqueIdentifier>{9627d094-6a23-47da-a8b8-c19e38f34243}</UniqueIdentifier>
    </Filter>
    <Filter Include="Archivos de origen\Structs">
      <UniqueIdentifier>{8dafab6d-8dd6-4229-8193-377b2072b168}</UniqueIdentifier>
    </Filter>
    <Filter Include="Archivos de encabezado\Juego\Movimientos">
      <UniqueIdentifier>{cd18cad9-56a9-4dd7-8a72-33db7d51ca8e}</UniqueIdentifier>
    </Filter>
    <Filter Include="Archivos de origen\Juego\Movimientos">
      <UniqueIdentifier>{e4939609-b5fc-4acc-88f0-0d5c8677c873}</UniqueIdentifier>
    </Filter>
    <Filter Include="Archivos de encabezado\Estrategias">
      <UniqueIdentifier>{15433b91-62a5-493b-b8d0-c914eabdfea6}</UniqueIdentifier>
    </Filter>
    <Filter Include="Archivos de origen\Estrategias">
      <UniqueIdentifier>{3e4aaaa3-3f36-42d5-a5e6-a99df308a077}</UniqueIdentifier>
    </Filter>
  </ItemGroup>
  <ItemGroup>
    <ClCompile Include="main.cpp">
      <Filter>Archivos de origen</Filter>
    </ClCompile>
    <ClCompile Include="Men.cpp">
      <Filter>Archivos de origen\Juego\Piezas</Filter>
    </ClCompile>
    <ClCompile Include="King.cpp">
      <Filter>Archivos de origen\Juego\Piezas</Filter>
    </ClCompile>
    <ClCompile Include="Piece.cpp">
      <Filter>Archivos de origen\Juego\Piezas</Filter>
    </ClCompile>
    <ClCompile Include="Exception.cpp">
      <Filter>Archivos de origen\Excepciones</Filter>
    </ClCompile>
    <ClCompile Include="Board.cpp">
      <Filter>Archivos de origen\Juego</Filter>
    </ClCompile>
    <ClCompile Include="Position.cpp">
      <Filter>Archivos de origen\Juego</Filter>
    </ClCompile>
    <ClCompile Include="ConsoleController.cpp">
      <Filter>Archivos de origen\Controladores</Filter>
    </ClCompile>
    <ClCompile Include="ViewController.cpp">
      <Filter>Archivos de origen\Controladores</Filter>
    </ClCompile>
    <ClCompile Include="GameController.cpp">
      <Filter>Archivos de origen\Controladores</Filter>
    </ClCompile>
    <ClCompile Include="Coord.cpp">
      <Filter>Archivos de origen\Structs</Filter>
    </ClCompile>
    <ClCompile Include="Move.cpp">
      <Filter>Archivos de origen\Juego\Movimientos</Filter>
    </ClCompile>
    <ClCompile Include="Capture.cpp">
      <Filter>Archivos de origen\Juego\Movimientos</Filter>
    </ClCompile>
    <ClCompile Include="InputController.cpp">
      <Filter>Archivos de origen\Controladores</Filter>
    </ClCompile>
    <ClCompile Include="MovementController.cpp">
      <Filter>Archivos de origen\Controladores</Filter>
    </ClCompile>
    <ClCompile Include="Strategy.cpp">
      <Filter>Archivos de origen\Estrategias</Filter>
    </ClCompile>
    <ClCompile Include="Random.cpp">
      <Filter>Archivos de origen\Estrategias</Filter>
    </ClCompile>
    <ClCompile Include="Weight.cpp">
      <Filter>Archivos de origen\Structs</Filter>
    </ClCompile>
    <ClCompile Include="FullAttack.cpp">
      <Filter>Archivos de origen\Estrategias</Filter>
    </ClCompile>
    <ClCompile Include="FullDefense.cpp">
      <Filter>Archivos de origen\Estrategias</Filter>
    </ClCompile>
    <ClCompile Include="Balanced.cpp">
      <Filter>Archivos de origen\Estrategias</Filter>
    </ClCompile>
  </ItemGroup>
  <ItemGroup>
    <ClInclude Include="List.h">
      <Filter>Archivos de encabezado\Contenedores</Filter>
    </ClInclude>
    <ClInclude Include="Node.h">
      <Filter>Archivos de encabezado\Contenedores</Filter>
    </ClInclude>
    <ClInclude Include="King.h">
      <Filter>Archivos de encabezado\Juego\Piezas</Filter>
    </ClInclude>
    <ClInclude Include="Men.h">
      <Filter>Archivos de encabezado\Juego\Piezas</Filter>
    </ClInclude>
    <ClInclude Include="Piece.h">
      <Filter>Archivos de encabezado\Juego\Piezas</Filter>
    </ClInclude>
    <ClInclude Include="Exception.h">
      <Filter>Archivos de encabezado\Excepciones</Filter>
    </ClInclude>
    <ClInclude Include="Position.h">
      <Filter>Archivos de encabezado\Juego</Filter>
    </ClInclude>
    <ClInclude Include="Board.h">
      <Filter>Archivos de encabezado\Juego</Filter>
    </ClInclude>
    <ClInclude Include="ConsoleController.h">
      <Filter>Archivos de encabezado\Controladores</Filter>
    </ClInclude>
    <ClInclude Include="GameController.h">
      <Filter>Archivos de encabezado\Controladores</Filter>
    </ClInclude>
    <ClInclude Include="ViewController.h">
      <Filter>Archivos de encabezado\Controladores</Filter>
    </ClInclude>
    <ClInclude Include="Coord.h">
      <Filter>Archivos de encabezado\Structs</Filter>
    </ClInclude>
    <ClInclude Include="Move.h">
      <Filter>Archivos de encabezado\Juego\Movimientos</Filter>
    </ClInclude>
    <ClInclude Include="Capture.h">
      <Filter>Archivos de encabezado\Juego\Movimientos</Filter>
    </ClInclude>
    <ClInclude Include="InputController.h">
      <Filter>Archivos de encabezado\Controladores</Filter>
    </ClInclude>
    <ClInclude Include="MovementController.h">
      <Filter>Archivos de encabezado\Controladores</Filter>
    </ClInclude>
    <ClInclude Include="Strategy.h">
      <Filter>Archivos de encabezado\Estrategias</Filter>
    </ClInclude>
    <ClInclude Include="Random.h">
      <Filter>Archivos de encabezado\Estrategias</Filter>
    </ClInclude>
    <ClInclude Include="Weight.h">
      <Filter>Archivos de encabezado\Structs</Filter>
    </ClInclude>
    <ClInclude Include="FullAttack.h">
      <Filter>Archivos de encabezado\Estrategias</Filter>
    </ClInclude>
    <ClInclude Include="FullDefense.h">
      <Filter>Archivos de encabezado\Estrategias</Filter>
    </ClInclude>
    <ClInclude Include="Balanced.h">
      <Filter>Archivos de encabezado\Estrategias</Filter>
    </ClInclude>
  </ItemGroup>
</Project>